
Microsoft Visual Studio Solution File, Format Version 12.00
# Visual Studio Version 17
VisualStudioVersion = 17.5.33516.290
MinimumVisualStudioVersion = 10.0.40219.1
Project("{FAE04EC0-301F-11D3-BF4B-00C04F79EFBC}") = "Hodina5.1", "Hodina5.1\Hodina5.1.csproj", "{A9627EE1-07B7-46DF-A306-8C311D3A6B15}"
EndProject
Global
	GlobalSection(SolutionConfigurationPlatforms) = preSolution
		Debug|Any CPU = Debug|Any CPU
		Release|Any CPU = Release|Any CPU
	EndGlobalSection
	GlobalSection(ProjectConfigurationPlatforms) = postSolution
		{A9627EE1-07B7-46DF-A306-8C311D3A6B15}.Debug|Any CPU.ActiveCfg = Debug|Any CPU
		{A9627EE1-07B7-46DF-A306-8C311D3A6B15}.Debug|Any CPU.Build.0 = Debug|Any CPU
		{A9627EE1-07B7-46DF-A306-8C311D3A6B15}.Release|Any CPU.ActiveCfg = Release|Any CPU
		{A9627EE1-07B7-46DF-A306-8C311D3A6B15}.Release|Any CPU.Build.0 = Release|Any CPU
	EndGlobalSection
	GlobalSection(SolutionProperties) = preSolution
		HideSolutionNode = FALSE
	EndGlobalSection
	GlobalSection(ExtensibilityGlobals) = postSolution
		SolutionGuid = {42120347-60F3-4408-9059-9A38FD4BF126}
	EndGlobalSection
EndGlobal
